lockfileVersion: '9.0'

settings:
  autoInstallPeers: true
  excludeLinksFromLockfile: false

importers:

  .:
    dependencies:
      effect:
        specifier: ^3.19.15
        version: 3.19.15
    devDependencies:
      '@types/node':
        specifier: ^25.2.0
        version: 25.2.0
      oxlint:
        specifier: ^1.43.0
        version: 1.43.0(oxlint-tsgolint@0.11.4)
      oxlint-tsgolint:
        specifier: ^0.11.4
        version: 0.11.4
      typescript:
        specifier: ^5.9.3
        version: 5.9.3

packages:

  '@oxlint-tsgolint/darwin-arm64@0.11.4':
    resolution: {integrity: sha512-IhdhiC183s5wdFDZSQC8PaFFq1QROiVT5ahz7ysgEKVnkNDjy82ieM7ZKiUfm2ncXNX2RcFGSSZrQO6plR+VAQ==}
    cpu: [arm64]
    os: [darwin]

  '@oxlint-tsgolint/darwin-x64@0.11.4':
    resolution: {integrity: sha512-KJmBg10Z1uGpJqxDzETXOytYyeVrKUepo8rCXeVkRlZ2QzZqMElgalFN4BI3ccgIPkQpzzu4SVzWNFz7yiKavQ==}
    cpu: [x64]
    os: [darwin]

  '@oxlint-tsgolint/linux-arm64@0.11.4':
    resolution: {integrity: sha512-P6I3dSSpoEnjFzTMlrbcBHNbErSxceZmcVUslBxrrIUH1NSVS1XfSz6S75vT2Gay7Jv6LI7zTTVAk4cSqkfe+w==}
    cpu: [arm64]
    os: [linux]

  '@oxlint-tsgolint/linux-x64@0.11.4':
    resolution: {integrity: sha512-G0eAW3S7cp/vP7Kx6e7+Ze7WfNgSt1tc/rOexfLKnnIi+9BelyOa2wF9bWFPpxk3n3AdkBwKttU1/adDZlD87Q==}
    cpu: [x64]
    os: [linux]

  '@oxlint-tsgolint/win32-arm64@0.11.4':
    resolution: {integrity: sha512-prgQEBiwp4TAxarh6dYbVOKw6riRJ6hB49vDD6DxQlOZQky7xHQ9qTec5/rf0JTUZ16YaJ9YfHycbJS3QVpTYw==}
    cpu: [arm64]
    os: [win32]

  '@oxlint-tsgolint/win32-x64@0.11.4':
    resolution: {integrity: sha512-5xXTzZIT/1meWMmS60Q+FYWvWncc6iTfC8tyQt7GDfPUoqQvE5WVgHm1QjDSJvxTD+6AHphpCqdhXq/KtxagRw==}
    cpu: [x64]
    os: [win32]

  '@oxlint/darwin-arm64@1.43.0':
    resolution: {integrity: sha512-C/GhObv/pQZg34NOzB6Mk8x0wc9AKj8fXzJF8ZRKTsBPyHusC6AZ6bba0QG0TUufw1KWuD0j++oebQfWeiFXNw==}
    cpu: [arm64]
    os: [darwin]

  '@oxlint/darwin-x64@1.43.0':
    resolution: {integrity: sha512-4NjfUtEEH8ewRQ2KlZGmm6DyrvypMdHwBnQT92vD0dLScNOQzr0V9O8Ua4IWXdeCNl/XMVhAV3h4/3YEYern5A==}
    cpu: [x64]
    os: [darwin]

  '@oxlint/linux-arm64-gnu@1.43.0':
    resolution: {integrity: sha512-75tf1HvwdZ3ebk83yMbSB+moAEWK98mYqpXiaFAi6Zshie7r+Cx5PLXZFUEqkscenoZ+fcNXakHxfn94V6nf1g==}
    cpu: [arm64]
    os: [linux]

  '@oxlint/linux-arm64-musl@1.43.0':
    resolution: {integrity: sha512-BHV4fb36T2p/7bpA9fiJ5ayt7oJbiYX10nklW5arYp4l9/9yG/FQC5J4G1evzbJ/YbipF9UH0vYBAm5xbqGrvw==}
    cpu: [arm64]
    os: [linux]

  '@oxlint/linux-x64-gnu@1.43.0':
    resolution: {integrity: sha512-1l3nvnzWWse1YHibzZ4HQXdF/ibfbKZhp9IguElni3bBqEyPEyurzZ0ikWynDxKGXqZa+UNXTFuU1NRVX1RJ3g==}
    cpu: [x64]
    os: [linux]

  '@oxlint/linux-x64-musl@1.43.0':
    resolution: {integrity: sha512-+jNYgLGRFTJxJuaSOZJBwlYo5M0TWRw0+3y5MHOL4ArrIdHyCthg6r4RbVWrsR1qUfUE1VSSHQ2bfbC99RXqMg==}
    cpu: [x64]
    os: [linux]

  '@oxlint/win32-arm64@1.43.0':
    resolution: {integrity: sha512-dvs1C/HCjCyGTURMagiHprsOvVTT3omDiSzi5Qw0D4QFJ1pEaNlfBhVnOUYgUfS6O7Mcmj4+G+sidRsQcWQ/kA==}
    cpu: [arm64]
    os: [win32]

  '@oxlint/win32-x64@1.43.0':
    resolution: {integrity: sha512-bSuItSU8mTSDsvmmLTepTdCL2FkJI6dwt9tot/k0EmiYF+ArRzmsl4lXVLssJNRV5lJEc5IViyTrh7oiwrjUqA==}
    cpu: [x64]
    os: [win32]

  '@standard-schema/spec@1.1.0':
    resolution: {integrity: sha512-l2aFy5jALhniG5HgqrD6jXLi/rUWrKvqN/qJx6yoJsgKhblVd+iqqU4RCXavm/jPityDo5TCvKMnpjKnOriy0w==}

  '@types/node@25.2.0':
    resolution: {integrity: sha512-DZ8VwRFUNzuqJ5khrvwMXHmvPe+zGayJhr2CDNiKB1WBE1ST8Djl00D0IC4vvNmHMdj6DlbYRIaFE7WHjlDl5w==}

  effect@3.19.15:
    resolution: {integrity: sha512-vzMmgfZKLcojmUjBdlQx+uaKryO7yULlRxjpDnHdnvcp1NPHxJyoM6IOXBLlzz2I/uPtZpGKavt5hBv7IvGZkA==}

  fast-check@3.23.2:
    resolution: {integrity: sha512-h5+1OzzfCC3Ef7VbtKdcv7zsstUQwUDlYpUTvjeUsJAssPgLn7QzbboPtL5ro04Mq0rPOsMzl7q5hIbRs2wD1A==}
    engines: {node: '>=8.0.0'}

  oxlint-tsgolint@0.11.4:
    resolution: {integrity: sha512-VyQc+69TxQwUdsEPiVFN7vNZdDVO/FHaEcHltnWs3O6rvwxv67uADlknQQO714sbRdEahOjgO5dFf+K9ili0gg==}
    hasBin: true

  oxlint@1.43.0:
    resolution: {integrity: sha512-xiqTCsKZch+R61DPCjyqUVP2MhkQlRRYxLRBeBDi+dtQJ90MOgdcjIktvDCgXz0bgtx94EQzHEndsizZjMX2OA==}
    engines: {node: ^20.19.0 || >=22.12.0}
    hasBin: true
    peerDependencies:
      oxlint-tsgolint: '>=0.11.2'
    peerDependenciesMeta:
      oxlint-tsgolint:
        optional: true

  pure-rand@6.1.0:
    resolution: {integrity: sha512-bVWawvoZoBYpp6yIoQtQXHZjmz35RSVHnUOTefl8Vcjr8snTPY1wnpSPMWekcFwbxI6gtmT7rSYPFvz71ldiOA==}

  typescript@5.9.3:
    resolution: {integrity: sha512-jl1vZzPDinLr9eUt3J/t7V6FgNEw9QjvBPdysz9KfQDD41fQrC2Y4vKQdiaUpFT4bXlb1RHhLpp8wtm6M5TgSw==}
    engines: {node: '>=14.17'}
    hasBin: true

  undici-types@7.16.0:
    resolution: {integrity: sha512-Zz+aZWSj8LE6zoxD+xrjh4VfkIG8Ya6LvYkZqtUQGJPZjYl53ypCaUwWqo7eI0x66KBGeRo+mlBEkMSeSZ38Nw==}

snapshots:

  '@oxlint-tsgolint/darwin-arm64@0.11.4':
    optional: true

  '@oxlint-tsgolint/darwin-x64@0.11.4':
    optional: true

  '@oxlint-tsgolint/linux-arm64@0.11.4':
    optional: true

  '@oxlint-tsgolint/linux-x64@0.11.4':
    optional: true

  '@oxlint-tsgolint/win32-arm64@0.11.4':
    optional: true

  '@oxlint-tsgolint/win32-x64@0.11.4':
    optional: true

  '@oxlint/darwin-arm64@1.43.0':
    optional: true

  '@oxlint/darwin-x64@1.43.0':
    optional: true

  '@oxlint/linux-arm64-gnu@1.43.0':
    optional: true

  '@oxlint/linux-arm64-musl@1.43.0':
    optional: true

  '@oxlint/linux-x64-gnu@1.43.0':
    optional: true

  '@oxlint/linux-x64-musl@1.43.0':
    optional: true

  '@oxlint/win32-arm64@1.43.0':
    optional: true

  '@oxlint/win32-x64@1.43.0':
    optional: true

  '@standard-schema/spec@1.1.0': {}

  '@types/node@25.2.0':
    dependencies:
      undici-types: 7.16.0

  effect@3.19.15:
    dependencies:
      '@standard-schema/spec': 1.1.0
      fast-check: 3.23.2

  fast-check@3.23.2:
    dependencies:
      pure-rand: 6.1.0

  oxlint-tsgolint@0.11.4:
    optionalDependencies:
      '@oxlint-tsgolint/darwin-arm64': 0.11.4
      '@oxlint-tsgolint/darwin-x64': 0.11.4
      '@oxlint-tsgolint/linux-arm64': 0.11.4
      '@oxlint-tsgolint/linux-x64': 0.11.4
      '@oxlint-tsgolint/win32-arm64': 0.11.4
      '@oxlint-tsgolint/win32-x64': 0.11.4

  oxlint@1.43.0(oxlint-tsgolint@0.11.4):
    optionalDependencies:
      '@oxlint/darwin-arm64': 1.43.0
      '@oxlint/darwin-x64': 1.43.0
      '@oxlint/linux-arm64-gnu': 1.43.0
      '@oxlint/linux-arm64-musl': 1.43.0
      '@oxlint/linux-x64-gnu': 1.43.0
      '@oxlint/linux-x64-musl': 1.43.0
      '@oxlint/win32-arm64': 1.43.0
      '@oxlint/win32-x64': 1.43.0
      oxlint-tsgolint: 0.11.4

  pure-rand@6.1.0: {}

  typescript@5.9.3: {}

  undici-types@7.16.0: {}
